
Microsoft Visual Studio Solution File, Format Version 12.00
# Visual Studio Version 16
VisualStudioVersion = 16.0.31729.503
MinimumVisualStudioVersion = 10.0.40219.1
Project("{FAE04EC0-301F-11D3-BF4B-00C04F79EFBC}") = "1-app", "1-app\1-app.csproj", "{BC69C04D-9859-451D-BE6A-8826F49A3C1F}"
EndProject
Global
	GlobalSection(SolutionConfigurationPlatforms) = preSolution
		Debug|Any CPU = Debug|Any CPU
		Release|Any CPU = Release|Any CPU
	EndGlobalSection
	GlobalSection(ProjectConfigurationPlatforms) = postSolution
		{BC69C04D-9859-451D-BE6A-8826F49A3C1F}.Debug|Any CPU.ActiveCfg = Debug|Any CPU
		{BC69C04D-9859-451D-BE6A-8826F49A3C1F}.Debug|Any CPU.Build.0 = Debug|Any CPU
		{BC69C04D-9859-451D-BE6A-8826F49A3C1F}.Release|Any CPU.ActiveCfg = Release|Any CPU
		{BC69C04D-9859-451D-BE6A-8826F49A3C1F}.Release|Any CPU.Build.0 = Release|Any CPU
	EndGlobalSection
	GlobalSection(SolutionProperties) = preSolution
		HideSolutionNode = FALSE
	EndGlobalSection
	GlobalSection(ExtensibilityGlobals) = postSolution
		SolutionGuid = {7F818742-9FC3-4FF6-A73A-940223C9A3D4}
	EndGlobalSection
EndGlobal
